# platform: linux-64
# env_hash: 19be777f406e0ccc4ae55474826236e0e391ebc0b80ac7d494628cb7b385eb66
@EXPLICIT
https://conda.anaconda.org/conda-forge/linux-64/_libgcc_mutex-0.1-conda_forge.tar.bz2#d7c89558ba9fa0495403155b64376d81
https://conda.anaconda.org/conda-forge/linux-64/ca-certificates-2020.12.5-ha878542_0.tar.bz2#7eb5d4ffeee663caa1635cd67071bc1b
https://conda.anaconda.org/conda-forge/linux-64/ld_impl_linux-64-2.35.1-hea4e1c9_2.tar.bz2#83610dba766a186bdc7a116053b782a4
https://conda.anaconda.org/conda-forge/linux-64/libgfortran5-9.3.0-hff62375_19.tar.bz2#c2d8da3cb171e4aa642d20c6e4e42a04
https://conda.anaconda.org/conda-forge/linux-64/libstdcxx-ng-9.3.0-h6de172a_19.tar.bz2#cd9a24a8dde03ec0cf0e603b0bea85a1
https://conda.anaconda.org/conda-forge/linux-64/mpi-1.0-mpich.tar.bz2#c1fcff3417b5a22bbc4cf6e8c23648cf
https://conda.anaconda.org/conda-forge/linux-64/mysql-common-8.0.23-ha770c72_2.tar.bz2#ce876d0c998e1e2eb1dc67b01937737f
https://conda.anaconda.org/conda-forge/linux-64/pandoc-2.13-h7f98852_0.tar.bz2#43d393eb0050654d9416effa09d93a3b
https://conda.anaconda.org/conda-forge/linux-64/libgfortran-ng-9.3.0-hff62375_19.tar.bz2#aea379bd68fdcdf9499fa1453f852ac1
https://conda.anaconda.org/conda-forge/linux-64/libgomp-9.3.0-h2828fa1_19.tar.bz2#ab0a307912033126da02507b59e79ec9
https://conda.anaconda.org/conda-forge/linux-64/_openmp_mutex-4.5-1_gnu.tar.bz2#561e277319a41d4f24f5c05a9ef63c04
https://conda.anaconda.org/conda-forge/linux-64/libgcc-ng-9.3.0-h2828fa1_19.tar.bz2#9d5cdfc51476ee4dcdd96ed2dca3f943
https://conda.anaconda.org/conda-forge/linux-64/alsa-lib-1.2.3-h516909a_0.tar.bz2#1378b88874f42ac31b2f8e4f6975cb7b
https://conda.anaconda.org/conda-forge/linux-64/bzip2-1.0.8-h7f98852_4.tar.bz2#a1fd65c7ccbf10880423d82bca54eb54
https://conda.anaconda.org/conda-forge/linux-64/c-ares-1.17.1-h7f98852_1.tar.bz2#ed1dc233ed5e3eaa9bfbaac64d130c5e
https://conda.anaconda.org/conda-forge/linux-64/expat-2.3.0-h9c3ff4c_0.tar.bz2#1fb8f0254eb78a2a0c120155e1b1a207
https://conda.anaconda.org/conda-forge/linux-64/geos-3.9.1-h9c3ff4c_2.tar.bz2#b9a6d9422aed3ad84ec6ccee9bfcaa0f
https://conda.anaconda.org/conda-forge/linux-64/icu-68.1-h58526e2_0.tar.bz2#fc7a4271dc2a7f4fd78cd63695baf7c3
https://conda.anaconda.org/conda-forge/linux-64/jpeg-9d-h36c2ea0_0.tar.bz2#ea02ce6037dbe81803ae6123e5ba1568
https://conda.anaconda.org/conda-forge/linux-64/libev-4.33-h516909a_1.tar.bz2#6f8720dff19e17ce5d48cfe7f3d2f0a3
https://conda.anaconda.org/conda-forge/linux-64/libffi-3.3-h58526e2_2.tar.bz2#665369991d8dd290ac5ee92fce3e6bf5
https://conda.anaconda.org/conda-forge/linux-64/libiconv-1.16-h516909a_0.tar.bz2#5c0f338a513a2943c659ae619fca9211
https://conda.anaconda.org/conda-forge/linux-64/libogg-1.3.4-h7f98852_1.tar.bz2#6e8cc2173440d77708196c5b93771680
https://conda.anaconda.org/conda-forge/linux-64/libopenblas-0.3.15-pthreads_h8fe5266_1.tar.bz2#bb5527a16584426a897f22643d9a36a6
https://conda.anaconda.org/conda-forge/linux-64/libopus-1.3.1-h7f98852_1.tar.bz2#15345e56d527b330e1cacbdf58676e8f
https://conda.anaconda.org/conda-forge/linux-64/libsodium-1.0.18-h36c2ea0_1.tar.bz2#c3788462a6fbddafdb413a9f9053e58d
https://conda.anaconda.org/conda-forge/linux-64/libuuid-2.32.1-h7f98852_1000.tar.bz2#772d69f030955d9646d3d0eaf21d859d
https://conda.anaconda.org/conda-forge/linux-64/libwebp-base-1.2.0-h7f98852_2.tar.bz2#fb63a035a3b552c88a30d84b89ebf4c4
https://conda.anaconda.org/conda-forge/linux-64/lz4-c-1.9.3-h9c3ff4c_0.tar.bz2#4eb64ee0d5cd43096ffcf843c76b05d4
https://conda.anaconda.org/conda-forge/linux-64/mpich-3.4.1-h846660c_104.tar.bz2#94f01e56905a7af1479c9f72b00e9864
https://conda.anaconda.org/conda-forge/linux-64/ncurses-6.2-h58526e2_4.tar.bz2#509f2a21c4a09214cd737a480dfd80c9
https://conda.anaconda.org/conda-forge/linux-64/nspr-4.30-h9c3ff4c_0.tar.bz2#e6dc1f8f6e0bcebe8e3d8a5bca258dbe
https://conda.anaconda.org/conda-forge/linux-64/openssl-1.1.1k-h7f98852_0.tar.bz2#07fae2cb088379c8441e0f3ffa1f4025
https://conda.anaconda.org/conda-forge/linux-64/pcre-8.44-he1b5a44_0.tar.bz2#e647d89cd5cdf62760cf283a001841ff
https://conda.anaconda.org/conda-forge/linux-64/pthread-stubs-0.4-h36c2ea0_1001.tar.bz2#22dad4df6e8630e8dff2428f6f6a7036
https://conda.anaconda.org/conda-forge/linux-64/xorg-libxau-1.0.9-h7f98852_0.tar.bz2#bf6f803a544f26ebbdc3bfff272eb179
https://conda.anaconda.org/conda-forge/linux-64/xorg-libxdmcp-1.1.3-h7f98852_0.tar.bz2#be93aabceefa2fac576e971aef407908
https://conda.anaconda.org/conda-forge/linux-64/xz-5.2.5-h516909a_1.tar.bz2#33f601066901f3e1a85af3522a8113f9
https://conda.anaconda.org/conda-forge/linux-64/yaml-0.2.5-h516909a_0.tar.bz2#03a530e925414902547cf48da7756db8
https://conda.anaconda.org/conda-forge/linux-64/zlib-1.2.11-h516909a_1010.tar.bz2#339cc5584e6d26bc73a875ba900028c3
https://conda.anaconda.org/conda-forge/linux-64/gettext-0.19.8.1-h0b5b191_1005.tar.bz2#ff6f69b593a9e74c0e6b61908ac513fa
https://conda.anaconda.org/conda-forge/linux-64/hdf4-4.2.15-h10796ff_3.tar.bz2#21a8d66dc17f065023b33145c42652fe
https://conda.anaconda.org/conda-forge/linux-64/libblas-3.9.0-9_openblas.tar.bz2#5f08755e98b2a43ca68124e629a5a0cb
https://conda.anaconda.org/conda-forge/linux-64/libedit-3.1.20191231-he28a2e2_2.tar.bz2#4d331e44109e3f0e19b4cb8f9b82f3e1
https://conda.anaconda.org/conda-forge/linux-64/libevent-2.1.10-hcdb4288_3.tar.bz2#d8f51405997093ff1799ded7650439c4
https://conda.anaconda.org/conda-forge/linux-64/libllvm10-10.0.1-he513fc3_3.tar.bz2#b1c57947b2a9231e0cd037ab0ed96b5d
https://conda.anaconda.org/conda-forge/linux-64/libllvm11-11.1.0-hf817b99_2.tar.bz2#646fa2f7c60b69ee8f918668e9c2fd31
https://conda.anaconda.org/conda-forge/linux-64/libnghttp2-1.43.0-h812cca2_0.tar.bz2#1867d1e9658596b3fac8847a7702eef4
https://conda.anaconda.org/conda-forge/linux-64/libpng-1.6.37-h21135ba_2.tar.bz2#b6acf807307d033d4b7e758b4f44b036
https://conda.anaconda.org/conda-forge/linux-64/libssh2-1.9.0-ha56f1ee_6.tar.bz2#f0dfb86444df325e599dbc3f4c0a3f5b
https://conda.anaconda.org/conda-forge/linux-64/libvorbis-1.3.7-h9c3ff4c_0.tar.bz2#309dec04b70a3cc0f1e84a4013683bc0
https://conda.anaconda.org/conda-forge/linux-64/libxcb-1.13-h7f98852_1003.tar.bz2#a9371e9e40aded194dcba1447606c9a1
https://conda.anaconda.org/conda-forge/linux-64/libxml2-2.9.12-h72842e0_0.tar.bz2#bd14fdf5b9ee5568056a40a6a2f41866
https://conda.anaconda.org/conda-forge/linux-64/libzip-1.7.3-h4de3113_0.tar.bz2#2568763f88009f95e9262cba837dbb82
https://conda.anaconda.org/conda-forge/linux-64/readline-8.1-h46c0cb4_0.tar.bz2#5788de3c8d7a7d64ac56c784c4ef48e6
https://conda.anaconda.org/conda-forge/linux-64/tk-8.6.10-h21135ba_1.tar.bz2#c647f70aa7e3d4cc4e029cc1c9a99953
https://conda.anaconda.org/conda-forge/linux-64/udunits2-2.2.27.27-h975c496_1.tar.bz2#e663bd5dbc8cc4c1647d9f51cf25872c
https://conda.anaconda.org/conda-forge/linux-64/zeromq-4.3.4-h9c3ff4c_0.tar.bz2#9105c7da67ebfb39ff08e2a8ea72bb71
https://conda.anaconda.org/conda-forge/linux-64/zstd-1.4.9-ha95c52a_0.tar.bz2#b481dc9fda3af2a681d08a4d5cd1ea0b
https://conda.anaconda.org/conda-forge/linux-64/freetype-2.10.4-h0708190_1.tar.bz2#4a06f2ac2e5bfae7b6b245171c3f07aa
https://conda.anaconda.org/conda-forge/linux-64/krb5-1.19.1-hcc1bbae_0.tar.bz2#59b0695a515a6c54d45463dbf208ae38
https://conda.anaconda.org/conda-forge/linux-64/libcblas-3.9.0-9_openblas.tar.bz2#edee85b4f83376ceae81e0975b8bffa2
https://conda.anaconda.org/conda-forge/linux-64/libclang-11.1.0-default_ha53f305_1.tar.bz2#b9b71585ca4fcb5d442c5a9df5dd7e98
https://conda.anaconda.org/conda-forge/linux-64/libglib-2.68.2-h3e27bee_0.tar.bz2#a48401ff2ecb708b8b08bf3547eff205
https://conda.anaconda.org/conda-forge/linux-64/liblapack-3.9.0-9_openblas.tar.bz2#572d84ab07962986f6dd8e4637a475ca
https://conda.anaconda.org/conda-forge/linux-64/libtiff-4.2.0-hbd63e13_2.tar.bz2#e3f034b29a122699b06da40c155f1a70
https://conda.anaconda.org/conda-forge/linux-64/libxkbcommon-1.0.3-he3ba5ed_0.tar.bz2#f9dbabc7e01c459ed7a1d1d64b206e9b
https://conda.anaconda.org/conda-forge/linux-64/libxslt-1.1.33-h15afd5d_2.tar.bz2#811bb9f5437fc6a04ba30d10f7a0c3eb
https://conda.anaconda.org/conda-forge/linux-64/mysql-libs-8.0.23-h935591d_2.tar.bz2#b36368d163fca85e110529ddc4c67985
https://conda.anaconda.org/conda-forge/linux-64/sqlite-3.35.5-h74cdb3f_0.tar.bz2#e876c82c21e7074d299e13762d02466c
https://conda.anaconda.org/conda-forge/linux-64/fontconfig-2.13.1-hba837de_1005.tar.bz2#fd3611672eb91bc9d24fd6fb970037eb
https://conda.anaconda.org/conda-forge/linux-64/glib-tools-2.68.2-h9c3ff4c_0.tar.bz2#3afedfe4c8f500ed953dcc488730908a
https://conda.anaconda.org/conda-forge/linux-64/gstreamer-1.18.4-h76c114f_2.tar.bz2#5db765d4974fa89f64c1544eb2a552cb
https://conda.anaconda.org/conda-forge/linux-64/lcms2-2.12-hddcbb42_0.tar.bz2#797117394a4aa588de6d741b06fad80f
https://conda.anaconda.org/conda-forge/linux-64/libcurl-7.76.1-h2574ce0_2.tar.bz2#cc7097ea31a80337c2203c22f08d3f03
https://conda.anaconda.org/conda-forge/linux-64/libpq-13.3-hd57d9b9_0.tar.bz2#66ef2cacc483205b7d303f7b02601c3b
https://conda.anaconda.org/conda-forge/linux-64/nss-3.65-hb5efdd6_0.tar.bz2#645afd59bb8a540be3545850f586e028
https://conda.anaconda.org/conda-forge/linux-64/openjpeg-2.4.0-hb52868f_1.tar.bz2#b7ad78ad2e9ee155f59e6428406ee824
https://conda.anaconda.org/conda-forge/linux-64/python-3.7.10-hffdb5ce_100_cpython.tar.bz2#7425fffa658971915f595e9110163c3c
https://conda.anaconda.org/conda-forge/noarch/appdirs-1.4.4-pyh9f0ad1d_0.tar.bz2#5f095bc6454094e96f146491fd03633b
https://conda.anaconda.org/conda-forge/noarch/asciitree-0.3.3-py_2.tar.bz2#c0481c9de49f040272556e2cedf42816
https://conda.anaconda.org/conda-forge/noarch/async-timeout-3.0.1-py_1000.tar.bz2#8b11024b2762a07aaa07d2743231a41b
https://conda.anaconda.org/conda-forge/noarch/async_generator-1.10-py_0.tar.bz2#d56c596e61b1c4952acf0a9920856c12
https://conda.anaconda.org/conda-forge/noarch/attrs-21.2.0-pyhd8ed1ab_0.tar.bz2#d2e1c7f388ac403df7079b411c37cc50
https://conda.anaconda.org/conda-forge/noarch/backcall-0.2.0-pyh9f0ad1d_0.tar.bz2#6006a6d08a3fa99268a2681c7fb55213
https://conda.anaconda.org/conda-forge/noarch/backports-1.0-py_2.tar.bz2#0da16b293affa6ac31812376f8eb79dd
https://conda.anaconda.org/conda-forge/noarch/cached_property-1.5.2-pyha770c72_1.tar.bz2#576d629e47797577ab0f1b351297ef4a
https://conda.anaconda.org/conda-forge/noarch/click-7.1.2-pyh9f0ad1d_0.tar.bz2#bd50a970ce07e660c319fdc4d730d3f1
https://conda.anaconda.org/conda-forge/noarch/cloudpickle-1.6.0-py_0.tar.bz2#76d764d8881719e305f6fa368dc2b65e
https://conda.anaconda.org/conda-forge/linux-64/curl-7.76.1-hea6ffbf_2.tar.bz2#0312ab411fff1aca55e45ea3f885a8ab
https://conda.anaconda.org/conda-forge/noarch/dask-core-2.14.0-py_0.tar.bz2#eca9427d2c7760ced16c0b701dd31681
https://conda.anaconda.org/conda-forge/noarch/decorator-5.0.9-pyhd8ed1ab_0.tar.bz2#0ae9cca42e37b5ce6267c2a2b1383546
https://conda.anaconda.org/conda-forge/noarch/defusedxml-0.7.1-pyhd8ed1ab_0.tar.bz2#961b3a227b437d82ad7054484cfa71b2
https://conda.anaconda.org/conda-forge/noarch/entrypoints-0.3-pyhd8ed1ab_1003.tar.bz2#bbf9a201f6ce99a506f4955374d9a9f4
https://conda.anaconda.org/conda-forge/noarch/fastprogress-1.0.0-py_0.tar.bz2#0765c7a36e7ed365cab77858c9fba1b7
https://conda.anaconda.org/conda-forge/noarch/fsspec-2021.5.0-pyhd8ed1ab_0.tar.bz2#da823f51ebb876dafbed1c892fd80956
https://conda.anaconda.org/conda-forge/linux-64/glib-2.68.2-h9c3ff4c_0.tar.bz2#a418792ba3a452bff1ab2ed4df628f80
https://conda.anaconda.org/conda-forge/linux-64/gst-plugins-base-1.18.4-hf529b03_2.tar.bz2#526fadaa13ec264cb919436953bc2766
https://conda.anaconda.org/conda-forge/linux-64/hdf5-1.10.6-mpi_mpich_h996c276_1014.tar.bz2#6af2e2e4dfb0ef36c35042cd69a1599d
https://conda.anaconda.org/conda-forge/noarch/heapdict-1.0.1-py_0.tar.bz2#77242bfb1e74a627fb06319b5a2d3b95
https://conda.anaconda.org/conda-forge/noarch/idna-2.10-pyh9f0ad1d_0.tar.bz2#f95a12b4f435aae6680fe55ae2eb1b06
https://conda.anaconda.org/conda-forge/noarch/iniconfig-1.1.1-pyh9f0ad1d_0.tar.bz2#39161f81cc5e5ca45b8226fbb06c6905
https://conda.anaconda.org/conda-forge/noarch/ipython_genutils-0.2.0-py_1.tar.bz2#5071c982548b3a20caf70462f04f5287
https://conda.anaconda.org/conda-forge/noarch/json5-0.9.5-pyh9f0ad1d_0.tar.bz2#10759827a94e6b14996e81fb002c0bda
https://conda.anaconda.org/conda-forge/noarch/jupyterlab_widgets-1.0.0-pyhd8ed1ab_1.tar.bz2#f8da92114c8fbe1d951b0efaf54dd14b
https://conda.anaconda.org/conda-forge/noarch/locket-0.2.0-py_2.tar.bz2#709e8671651c7ec3d1ad07800339ff1d
https://conda.anaconda.org/conda-forge/noarch/monotonic-1.5-py_0.tar.bz2#0cc5fd0140497c3f1e2db2e7493b62b3
https://conda.anaconda.org/conda-forge/noarch/more-itertools-8.8.0-pyhd8ed1ab_0.tar.bz2#af8d3837f18d331839368bcb9f8cd3d9
https://conda.anaconda.org/conda-forge/noarch/nest-asyncio-1.5.1-pyhd8ed1ab_0.tar.bz2#47a51a5b8f9cc41004c8d7bd88b62447
https://conda.anaconda.org/conda-forge/noarch/olefile-0.46-pyh9f0ad1d_1.tar.bz2#0b2e68acc8c78c8cc392b90983481f58
https://conda.anaconda.org/conda-forge/noarch/pandocfilters-1.4.2-py_1.tar.bz2#ba6f4a308f1ea22abe1d72e72544af76
https://conda.anaconda.org/conda-forge/noarch/parso-0.8.2-pyhd8ed1ab_0.tar.bz2#fb40b157bd62b457a1cc82527b63f0b0
https://conda.anaconda.org/conda-forge/noarch/pickleshare-0.7.5-py_1003.tar.bz2#415f0ebb6198cc2801c73438a9fb5761
https://conda.anaconda.org/conda-forge/linux-64/proj-7.2.0-h277dcde_2.tar.bz2#db654ee11298d3463bad67445707654c
https://conda.anaconda.org/conda-forge/noarch/prometheus_client-0.10.1-pyhd8ed1ab_0.tar.bz2#088ca4c07d7b346a2a099b3685a0e992
https://conda.anaconda.org/conda-forge/noarch/ptyprocess-0.7.0-pyhd3deb0d_0.tar.bz2#359eeb6536da0e687af562ed265ec263
https://conda.anaconda.org/conda-forge/noarch/py-1.10.0-pyhd3deb0d_0.tar.bz2#88ca1328ecc79a070214aa24911bace8
https://conda.anaconda.org/conda-forge/noarch/pycparser-2.20-pyh9f0ad1d_2.tar.bz2#aa798d50ffd182a0f6f31478c7f434f6
https://conda.anaconda.org/conda-forge/noarch/pyparsing-2.4.7-pyh9f0ad1d_0.tar.bz2#626c4f20d5bf06dcec9cf2eaa31725c7
https://conda.anaconda.org/conda-forge/noarch/pyshp-2.1.3-pyh44b312d_0.tar.bz2#2d1867b980785eb44b8122184d8b42a6
https://conda.anaconda.org/conda-forge/linux-64/python_abi-3.7-1_cp37m.tar.bz2#658a5c3d766bfc6574480204b10a6f20
https://conda.anaconda.org/conda-forge/noarch/pytz-2021.1-pyhd8ed1ab_0.tar.bz2#3af2e9424d5eb0063824a3f9b850d411
https://conda.anaconda.org/conda-forge/noarch/send2trash-1.5.0-py_0.tar.bz2#c3779037a635e1150f1c53c28b875949
https://conda.anaconda.org/conda-forge/noarch/six-1.16.0-pyh6c4a22f_0.tar.bz2#e5f25f8dbc060e9a8d912e432202afc2
https://conda.anaconda.org/conda-forge/noarch/sortedcontainers-2.4.0-pyhd8ed1ab_0.tar.bz2#6d6552722448103793743dabfbda532d
https://conda.anaconda.org/conda-forge/noarch/tabulate-0.8.9-pyhd8ed1ab_0.tar.bz2#ee657dbe69e892aeccde7cabb4edf261
https://conda.anaconda.org/conda-forge/noarch/tblib-1.7.0-pyhd8ed1ab_0.tar.bz2#3d4afc31302aa7be471feb6be048ed76
https://conda.anaconda.org/conda-forge/noarch/testpath-0.5.0-pyhd8ed1ab_0.tar.bz2#53b57d6a468bebc7cef1253b177a5e9e
https://conda.anaconda.org/conda-forge/noarch/toml-0.10.2-pyhd8ed1ab_0.tar.bz2#f832c45a477c78bebd107098db465095
https://conda.anaconda.org/conda-forge/noarch/toolz-0.11.1-py_0.tar.bz2#d1e66b58cb00b3817ad9f05eec098c00
https://conda.anaconda.org/conda-forge/noarch/tqdm-4.60.0-pyhd8ed1ab_0.tar.bz2#d4d22fcd50ccf1925fe59efd36ba4358
https://conda.anaconda.org/conda-forge/noarch/typing_extensions-3.7.4.3-py_0.tar.bz2#12b96e382730541a4b332420227055ae
https://conda.anaconda.org/conda-forge/noarch/webencodings-0.5.1-py_1.tar.bz2#3563be4c5611a44210d9ba0c16113136
https://conda.anaconda.org/conda-forge/noarch/wheel-0.36.2-pyhd3deb0d_0.tar.bz2#768bfbe026426d0e76b377997d1f2b98
https://conda.anaconda.org/conda-forge/noarch/zipp-3.4.1-pyhd8ed1ab_0.tar.bz2#a4fa30eb74a326092b3d8078b1f1aae1
https://conda.anaconda.org/conda-forge/noarch/babel-2.9.1-pyh44b312d_0.tar.bz2#74136ed39bfea0832d338df1e58d013e
https://conda.anaconda.org/conda-forge/noarch/cached-property-1.5.2-hd8ed1ab_1.tar.bz2#9b347a7ec10940d3f7941ff6c460b551
https://conda.anaconda.org/conda-forge/linux-64/certifi-2020.12.5-py37h89c1867_1.tar.bz2#fb121f213009359498ada17a9e6d775f
https://conda.anaconda.org/conda-forge/linux-64/cffi-1.14.5-py37hc58025e_0.tar.bz2#e05f1fad0c52c21b6b92778d31f89cd0
https://conda.anaconda.org/conda-forge/linux-64/chardet-4.0.0-py37h89c1867_1.tar.bz2#f4fbd4721b80f0d6b53b3a3374914068
https://conda.anaconda.org/conda-forge/noarch/cycler-0.10.0-py_2.tar.bz2#f6d7c7e6d8f42cbbec7e07a8d879f91c
https://conda.anaconda.org/conda-forge/linux-64/cytoolz-0.11.0-py37h5e8e339_3.tar.bz2#2e89a6f3baf5eeb13763f61ea3d0601f
https://conda.anaconda.org/conda-forge/linux-64/dbus-1.13.6-h48d8840_2.tar.bz2#eba672c69baf366fdedd1c6f702dbb81
https://conda.anaconda.org/conda-forge/noarch/docrep-0.2.7-py_0.tar.bz2#7a8411a58c16dffe32424251e62e3149
https://conda.anaconda.org/conda-forge/noarch/fasteners-0.16-pyhd8ed1ab_0.tar.bz2#8ecec38560a2613704aa01882a8a48c5
https://conda.anaconda.org/conda-forge/linux-64/future-0.18.2-py37h89c1867_3.tar.bz2#1f5b95fabd80a6d0cd3e833e182cb6b9
https://conda.anaconda.org/conda-forge/linux-64/importlib-metadata-4.0.1-py37h89c1867_0.tar.bz2#fdb45d5b60c896c95d25213e9e257d09
https://conda.anaconda.org/conda-forge/linux-64/jedi-0.18.0-py37h89c1867_2.tar.bz2#5e95b453f199caec4dd1bf6002ae0ce2
https://conda.anaconda.org/conda-forge/linux-64/kiwisolver-1.3.1-py37h2527ec5_1.tar.bz2#61149814e0ea71cb5b44881c65d25f7b
https://conda.anaconda.org/conda-forge/linux-64/libnetcdf-4.8.0-mpi_mpich_hf07302c_2.tar.bz2#d76a3f327eb8e26b5ce6b042ac1abeb3
https://conda.anaconda.org/conda-forge/linux-64/llvmlite-0.36.0-py37h9d7f4d0_0.tar.bz2#8e333fd35f32fd48850476bb9806ba42
https://conda.anaconda.org/conda-forge/linux-64/lxml-4.6.3-py37h77fd288_0.tar.bz2#15cc426687dea2b284552794a9e9ad6d
https://conda.anaconda.org/conda-forge/linux-64/markupsafe-2.0.1-py37h5e8e339_0.tar.bz2#90ad307f6997784664de956e09ec689e
https://conda.anaconda.org/conda-forge/linux-64/mistune-0.8.4-py37h5e8e339_1003.tar.bz2#6a636219f0f50dab2c327237e95f98c7
https://conda.anaconda.org/conda-forge/linux-64/mpi4py-3.0.3-py37h1e5cb63_7.tar.bz2#1c0450be22dc0fbffaabab1f415705d5
https://conda.anaconda.org/conda-forge/linux-64/msgpack-python-1.0.2-py37h2527ec5_1.tar.bz2#07952b04eee02d873daa311a35b27454
https://conda.anaconda.org/conda-forge/linux-64/multidict-5.1.0-py37h5e8e339_1.tar.bz2#39af34b76f594728f06fc6ed14b9db54
https://conda.anaconda.org/conda-forge/linux-64/numpy-1.20.3-py37h038b26d_0.tar.bz2#c22231bc611c7d889d49cb78b351555e
https://conda.anaconda.org/conda-forge/noarch/packaging-20.9-pyh44b312d_0.tar.bz2#be69a38e912054a62dc82cc3c7711a64
https://conda.anaconda.org/conda-forge/noarch/partd-1.2.0-pyhd8ed1ab_0.tar.bz2#0c32f563d7f22e3a34c95cad8cc95651
https://conda.anaconda.org/conda-forge/noarch/pexpect-4.8.0-pyh9f0ad1d_2.tar.bz2#5909e7b978141dd80d28dbf9de627827
https://conda.anaconda.org/conda-forge/linux-64/pillow-8.2.0-py37h4600e1f_1.tar.bz2#8998270d7ebbb22261ab440176d3a5cf
https://conda.anaconda.org/conda-forge/linux-64/psutil-5.8.0-py37h5e8e339_1.tar.bz2#2923250371b05e798f3732531cdb5300
https://conda.anaconda.org/conda-forge/linux-64/pyqt5-sip-4.19.18-py37hcd2ae1e_7.tar.bz2#f94e01aa4abd458b556d68fdb5f19b99
https://conda.anaconda.org/conda-forge/linux-64/pyrsistent-0.17.3-py37h5e8e339_2.tar.bz2#829e0a0279d711a7b5aa67fe18c73672
https://conda.anaconda.org/conda-forge/linux-64/pysocks-1.7.1-py37h89c1867_3.tar.bz2#bd069d59ee91a2e26552cd7bb4c64032
https://conda.anaconda.org/conda-forge/noarch/python-dateutil-2.8.1-py_0.tar.bz2#0d0150ed9c2d25817f5324108d3f7571
https://conda.anaconda.org/conda-forge/linux-64/pyyaml-5.4.1-py37h5e8e339_0.tar.bz2#090550b9425fe9a87dc1ec7fde201633
https://conda.anaconda.org/conda-forge/linux-64/pyzmq-22.0.3-py37h336d617_1.tar.bz2#798e421f018bba8ef90546e447e11060
https://conda.anaconda.org/conda-forge/linux-64/sniffio-1.2.0-py37h89c1867_1.tar.bz2#a48a71b3c0a40b5227056a7cb653d99d
https://conda.anaconda.org/conda-forge/linux-64/tornado-6.1-py37h5e8e339_1.tar.bz2#92449128c4639feae48d731ef2186099
https://conda.anaconda.org/conda-forge/noarch/traitlets-5.0.5-py_0.tar.bz2#99618ee9ab1323e40f231acdab92fe60
https://conda.anaconda.org/conda-forge/noarch/typing-extensions-3.7.4.3-0.tar.bz2#36bdcdb4c2bf1efb987f2e9e80f4c9a6
https://conda.anaconda.org/conda-forge/linux-64/websocket-client-0.57.0-py37h89c1867_4.tar.bz2#b7d10c52e3aaca152f4e16f90e40cd55
https://conda.anaconda.org/conda-forge/noarch/zict-2.0.0-py_0.tar.bz2#4750152be22f24d695b3004c5e1712d3
https://conda.anaconda.org/conda-forge/linux-64/anyio-3.1.0-py37h89c1867_0.tar.bz2#3beeec9ed02c71264794296efef78931
https://conda.anaconda.org/conda-forge/linux-64/argon2-cffi-20.1.0-py37h5e8e339_2.tar.bz2#5403470dcc6211e0ad72077616e2519d
https://conda.anaconda.org/conda-forge/linux-64/bottleneck-1.3.2-py37h902c9e0_3.tar.bz2#c1e51da3a48329ace67e914b320d617f
https://conda.anaconda.org/conda-forge/linux-64/brotlipy-0.7.0-py37h5e8e339_1001.tar.bz2#871eed4ba322e7b3f200956a096b34e7
https://conda.anaconda.org/conda-forge/linux-64/cftime-1.0.3.4-py37hd352d35_1001.tar.bz2#cb161c917bef2433aa5bd70370b99076
https://conda.anaconda.org/conda-forge/noarch/colorspacious-1.1.2-pyh24bf2e0_0.tar.bz2#b73afa0d009a51cabd3ec99c4d2ef4f3
https://conda.anaconda.org/conda-forge/linux-64/cryptography-3.4.7-py37h5d9358c_0.tar.bz2#d811fb6a96ae0cf8c0a17457a8e67ff4
https://conda.anaconda.org/conda-forge/linux-64/h5py-3.2.1-nompi_py37ha3df211_100.tar.bz2#a23aa3dd6b20cc53490b3d86a7e61314
https://conda.anaconda.org/conda-forge/noarch/importlib_metadata-4.0.1-hd8ed1ab_0.tar.bz2#50c48f1394fba9705a76163409924628
https://conda.anaconda.org/conda-forge/noarch/jinja2-3.0.1-pyhd8ed1ab_0.tar.bz2#c647e77921fd3e245cdcc5b2d451a0f8
https://conda.anaconda.org/conda-forge/linux-64/jupyter_core-4.7.1-py37h89c1867_0.tar.bz2#42202575ecb1cc9491d57a4ad25f14bb
https://conda.anaconda.org/conda-forge/noarch/matplotlib-inline-0.1.2-pyhd8ed1ab_2.tar.bz2#0967e1db58b16e416464ca399f87df79
https://conda.anaconda.org/conda-forge/linux-64/netcdf-fortran-4.5.3-mpi_mpich_h196b126_4.tar.bz2#e058f42a78ea8c965cf7335e28143c59
https://conda.anaconda.org/conda-forge/linux-64/numcodecs-0.7.3-py37hcd2ae1e_0.tar.bz2#8afeff0794db2313188dff9ecef5b1d1
https://conda.anaconda.org/conda-forge/linux-64/pandas-1.2.4-py37h219a48f_0.tar.bz2#fb33763b90acf1a4a7cffb7ab994a3cd
https://conda.anaconda.org/conda-forge/linux-64/qt-5.12.9-hda022c4_4.tar.bz2#afebab1f5049d66baaaec67d9ce893f0
https://conda.anaconda.org/conda-forge/linux-64/scipy-1.6.3-py37h29e03ee_0.tar.bz2#a469d02f72b9cef07f4408d419b17dcc
https://conda.anaconda.org/conda-forge/noarch/seawater-3.3.4-py_1.tar.bz2#a9e101e1601faf5e5a119ab2bd7617a4
https://conda.anaconda.org/conda-forge/linux-64/setuptools-49.6.0-py37h89c1867_3.tar.bz2#928c178bf6805b8ab71fabaa620e0234
https://conda.anaconda.org/conda-forge/linux-64/shapely-1.7.1-py37h2d1e849_4.tar.bz2#98c91519669fac0bd793b0aea90468ba
https://conda.anaconda.org/conda-forge/linux-64/terminado-0.10.0-py37h89c1867_0.tar.bz2#f0453d67e4ccca12f13e8dfb5ee4d9db
https://conda.anaconda.org/conda-forge/linux-64/yarl-1.6.3-py37h5e8e339_1.tar.bz2#11ee71d9c49f5d467c229917feaa0be0
https://conda.anaconda.org/conda-forge/linux-64/aiohttp-3.7.4-py37h5e8e339_0.tar.bz2#724d055e52e8799357d6a66693dc3199
https://conda.anaconda.org/conda-forge/noarch/backports.functools_lru_cache-1.6.4-pyhd8ed1ab_0.tar.bz2#c5b3edc62d6309088f4970b3eaaa65a6
https://conda.anaconda.org/conda-forge/noarch/bleach-3.3.0-pyh44b312d_0.tar.bz2#abf6b76c39358ca36ca706c46f054f2a
https://conda.anaconda.org/conda-forge/linux-64/bokeh-1.4.0-py37hc8dfbb8_1.tar.bz2#f59f57eb6d3787cbfdcb3197006cc0fb
https://conda.anaconda.org/conda-forge/linux-64/cf_units-2.0.1-py37h3010b51_1002.tar.bz2#29596b9b3862efd8db7c741609c77dc2
https://conda.anaconda.org/conda-forge/linux-64/distributed-2.14.0-py37hc8dfbb8_0.tar.bz2#1910fb0199f9869729083bcc8ae56aa2
https://conda.anaconda.org/conda-forge/linux-64/esmf-8.1.1-mpi_mpich_h3dcaa78_100.tar.bz2#5b4bab1017226f2c03ba0fe02b783316
https://conda.anaconda.org/conda-forge/noarch/h5netcdf-0.11.0-pyhd8ed1ab_0.tar.bz2#a298ca086794894de1393397ed05093d
https://conda.anaconda.org/conda-forge/linux-64/importlib_resources-5.1.3-py37h89c1867_0.tar.bz2#507bd541f5cf66010658fd95b0189f9f
https://conda.anaconda.org/conda-forge/noarch/jsonschema-3.2.0-pyhd8ed1ab_3.tar.bz2#66125e28711d8ffc04a207a2b170316d
https://conda.anaconda.org/conda-forge/noarch/jupyter_client-6.1.12-pyhd8ed1ab_0.tar.bz2#f58b38ddb9f94fa3cafea4ba2b17f93b
https://conda.anaconda.org/conda-forge/linux-64/matplotlib-base-3.4.2-py37hdd32ed1_0.tar.bz2#ee755b80aae171058a46c5d7badd08ff
https://conda.anaconda.org/conda-forge/linux-64/netcdf4-1.5.6-nompi_py37h946d57d_103.tar.bz2#600a3ba1f0b13ca31d4f593f1fa490b4
https://conda.anaconda.org/conda-forge/linux-64/numba-0.53.1-py37h134767a_0.tar.bz2#1ed0d500faa09006106671018b4842d1
https://conda.anaconda.org/conda-forge/noarch/patsy-0.5.1-py_0.tar.bz2#d971df2dcd1a453daabecec0ef76e88a
https://conda.anaconda.org/conda-forge/noarch/pip-21.1.1-pyhd8ed1ab_0.tar.bz2#e0bad1330c3575222d221e7679a36a0a
https://conda.anaconda.org/conda-forge/linux-64/pluggy-0.13.1-py37h89c1867_4.tar.bz2#fae2ad595398817ce166a1af18dfe295
https://conda.anaconda.org/conda-forge/noarch/pygments-2.9.0-pyhd8ed1ab_0.tar.bz2#a2d9bba43c9b80a42b0ccb9afd7223c2
https://conda.anaconda.org/conda-forge/noarch/pyopenssl-20.0.1-pyhd8ed1ab_0.tar.bz2#92371c25994d0f5d28a01c1fb75ebf86
https://conda.anaconda.org/conda-forge/linux-64/pyqt-impl-5.12.3-py37he336c9b_7.tar.bz2#303251d6f2b9e60a0cd79480cf8507d2
https://conda.anaconda.org/conda-forge/noarch/xarray-0.18.2-pyhd8ed1ab_0.tar.bz2#379c1f2f90ff675742426373a81e5552
https://conda.anaconda.org/conda-forge/noarch/zarr-2.8.3-pyhd8ed1ab_0.tar.bz2#49bc40cafcc406b9d8a39a2f97f217a4
https://conda.anaconda.org/conda-forge/linux-64/cartopy-0.19.0.post1-py37h0c48da3_0.tar.bz2#44add1e9550c8caf69ce64561ce73035
https://conda.anaconda.org/conda-forge/noarch/cf_xarray-0.5.2-pyh6c4a22f_0.tar.bz2#c5e5faeee6c0fe30b45ecfd15c170327
https://conda.anaconda.org/conda-forge/noarch/cmocean-2.0-py_3.tar.bz2#10f08c3aa77dc4080ebc1c03cb542f70
https://conda.anaconda.org/conda-forge/noarch/dask-2.14.0-py_0.tar.bz2#6ee126d80e62ab0793642a15ce609b77
https://conda.anaconda.org/conda-forge/noarch/dask-jobqueue-0.7.1-py_0.tar.bz2#157ae83b26ba34fc1437d14c039cb832
https://conda.anaconda.org/conda-forge/linux-64/dask-mpi-2.21.0-py37h0a87443_1.tar.bz2#15ef1e3e7f28e2da47cc6a928cd96593
https://conda.anaconda.org/conda-forge/linux-64/esmpy-8.1.1-mpi_mpich_py37hf719a8e_100.tar.bz2#d608536dd44b60da923950c60619583d
https://conda.anaconda.org/conda-forge/noarch/jupyterlab_pygments-0.1.2-pyh9f0ad1d_0.tar.bz2#2cbd910890bb328e8959246a1e16fac7
https://conda.anaconda.org/conda-forge/noarch/nbformat-5.1.3-pyhd8ed1ab_0.tar.bz2#bafa5df6d4f8db69a4d197b4657127e7
https://conda.anaconda.org/conda-forge/noarch/nc-time-axis-1.2.0-py_1.tar.bz2#f3158a5d335f0f44f09cf05d3fb4107e
https://conda.anaconda.org/conda-forge/noarch/pint-0.17-pyhd8ed1ab_0.tar.bz2#7a334c0cd901ae380ab30285ad2a4b8a
https://conda.anaconda.org/conda-forge/linux-64/pyqtchart-5.12-py37he336c9b_7.tar.bz2#2b1959f3a87b5ad66690340ef921323c
https://conda.anaconda.org/conda-forge/linux-64/pyqtwebengine-5.12.1-py37he336c9b_7.tar.bz2#15f5cbcafb4889bb41da2a0a0e338f2a
https://conda.anaconda.org/conda-forge/linux-64/pytest-6.2.4-py37h89c1867_0.tar.bz2#0298517e14b0118206b0fa38b1f9883d
https://conda.anaconda.org/conda-forge/noarch/seaborn-base-0.11.1-pyhd8ed1ab_1.tar.bz2#f524b2bb48274790373a27128b25d7ca
https://conda.anaconda.org/conda-forge/linux-64/statsmodels-0.12.2-py37h902c9e0_0.tar.bz2#d2e53da0bb26862c44a0ec3d92a96e65
https://conda.anaconda.org/conda-forge/noarch/urllib3-1.26.4-pyhd8ed1ab_0.tar.bz2#d7b20b328e23d993994ea02077c009c0
https://conda.anaconda.org/conda-forge/noarch/wcwidth-0.2.5-pyh9f0ad1d_2.tar.bz2#5266fcd697043c59621fda522b3d78ee
https://conda.anaconda.org/conda-forge/noarch/nbclient-0.5.3-pyhd8ed1ab_0.tar.bz2#67f12831640fde52fe9be1bbc6b699e7
https://conda.anaconda.org/conda-forge/noarch/ncar-jobqueue-2020.12.4-pyhd3deb0d_0.tar.bz2#f2e796a010a9ce9374b6e2fcda09afe4
https://conda.anaconda.org/conda-forge/noarch/prompt-toolkit-3.0.18-pyha770c72_0.tar.bz2#aa44d0f71016061e83df1126764acdb7
https://conda.anaconda.org/conda-forge/linux-64/pyqt-5.12.3-py37h89c1867_7.tar.bz2#1754ec587a9ac26e9507fea7eb6bebc2
https://conda.anaconda.org/conda-forge/noarch/requests-2.25.1-pyhd3deb0d_0.tar.bz2#ae687aba31a1c400192a86a2e993ffdc
https://conda.anaconda.org/conda-forge/noarch/seaborn-0.11.1-hd8ed1ab_1.tar.bz2#0fa8696d6ef25ac366f04a27c238da31
https://conda.anaconda.org/conda-forge/noarch/xesmf-0.5.3-pyhd8ed1ab_0.tar.bz2#a83576c3de22695f4bcd53d54755c7e2
https://conda.anaconda.org/conda-forge/noarch/xgcm-0.5.1-py_0.tar.bz2#935f4608a93c5bf80d9c33810ef40aa0
https://conda.anaconda.org/conda-forge/noarch/xhistogram-0.2.0-pyhd8ed1ab_0.tar.bz2#2b19909fd296ab7ee60e7fe1dc418803
https://conda.anaconda.org/conda-forge/noarch/xrft-0.3.0-pyhd8ed1ab_0.tar.bz2#09bded3ee1a4a183c967f7142e5becb2
https://conda.anaconda.org/conda-forge/noarch/intake-0.6.2-pyhd8ed1ab_0.tar.bz2#159c093fadd067d8e1d6e559fae44288
https://conda.anaconda.org/conda-forge/linux-64/ipython-7.23.1-py37h085eea5_0.tar.bz2#9d5ed7c6a77b840b011daa2422ff0b01
https://conda.anaconda.org/conda-forge/linux-64/matplotlib-3.4.2-py37h89c1867_0.tar.bz2#581de64cb6a7577b162e329efbcf1e4c
https://conda.anaconda.org/conda-forge/linux-64/nbconvert-6.0.7-py37h89c1867_3.tar.bz2#aa3710e0a8a44d7c7313b37775018446
https://conda.anaconda.org/conda-forge/noarch/pooch-1.3.0-pyhd8ed1ab_0.tar.bz2#7041d42601fe3de878565ca84c952237
https://conda.anaconda.org/conda-forge/noarch/intake-esm-2021.1.15-pyhd8ed1ab_0.tar.bz2#f9905ccbc28a73fc2fc17b6fed9b0bd6
https://conda.anaconda.org/conda-forge/noarch/intake-xarray-0.5.0-pyhd8ed1ab_0.tar.bz2#43d9d1c90da0b2b28cc16e58a52a0f2b
https://conda.anaconda.org/conda-forge/linux-64/ipykernel-5.5.5-py37h085eea5_0.tar.bz2#f59a2d2a5afc6550fb1d65a66dec22fb
https://conda.anaconda.org/conda-forge/linux-64/jupyter_server-1.7.0-py37h89c1867_1.tar.bz2#c1b6cb2eb6291ce719ee54f337437460
https://conda.anaconda.org/conda-forge/noarch/pop-tools-2020.12.15-pyhd8ed1ab_0.tar.bz2#92c2b149afe5f51a1606a2ad8cfae519
https://conda.anaconda.org/conda-forge/noarch/watermark-2.2.0-pyhd8ed1ab_0.tar.bz2#c93926fd4f95bd26153f28cdf8b8f78b
https://conda.anaconda.org/conda-forge/noarch/jupyterlab_server-2.5.2-pyhd8ed1ab_0.tar.bz2#2640682b039ee2ec518b5b422d635b07
https://conda.anaconda.org/conda-forge/noarch/notebook-6.4.0-pyha770c72_0.tar.bz2#1edbf3ee7482e201e572db0211e17f30
https://conda.anaconda.org/conda-forge/noarch/jupyter_contrib_core-0.3.3-py_2.tar.bz2#4704781b0a914d67e4ae8e9f9f5c37a0
https://conda.anaconda.org/conda-forge/noarch/nbclassic-0.2.8-pyhd8ed1ab_0.tar.bz2#e0904f21a441e1ad2475755ce584784f
https://conda.anaconda.org/conda-forge/linux-64/widgetsnbextension-3.5.1-py37h89c1867_4.tar.bz2#274af17d64191a15d3899d5fdc4abc02
https://conda.anaconda.org/conda-forge/noarch/ipywidgets-7.6.3-pyhd3deb0d_0.tar.bz2#536a9ed6d9e740f2b83d1a3c388e4388
https://conda.anaconda.org/conda-forge/linux-64/jupyter_highlight_selected_word-0.2.0-py37h89c1867_1002.tar.bz2#f070f9d3fd1ae54d14c522ea1900ce87
https://conda.anaconda.org/conda-forge/noarch/jupyter_latex_envs-1.4.6-pyhd8ed1ab_1002.tar.bz2#4b888fd7d6b4cdb6736878b2cf8ea951
https://conda.anaconda.org/conda-forge/linux-64/jupyter_nbextensions_configurator-0.4.1-py37h89c1867_2.tar.bz2#e430bd098fcb57e6884e83d4c684973a
https://conda.anaconda.org/conda-forge/noarch/jupyterlab-3.0.16-pyhd8ed1ab_0.tar.bz2#48c10ee082d1649df09476e55bdc84e9
https://conda.anaconda.org/conda-forge/noarch/jupyter_contrib_nbextensions-0.5.1-pyhd8ed1ab_2.tar.bz2#ee3820cb73867efb8c928b93e55f4de3
